
Microsoft Visual Studio Solution File, Format Version 12.00
# Visual Studio 15
VisualStudioVersion = 15.0.28307.489
MinimumVisualStudioVersion = 10.0.40219.1
Project("{FAE04EC0-301F-11D3-BF4B-00C04F79EFBC}") = "hm04-1", "hm04-1\hm04-1.csproj", "{A232D960-3704-4821-8F41-21198F747DA7}"
EndProject
Project("{FAE04EC0-301F-11D3-BF4B-00C04F79EFBC}") = "hm04-2", "hm04-2\hm04-2.csproj", "{5AD24C9F-91E4-4D6D-ACF8-F602283DE1A7}"
EndProject
Project("{FAE04EC0-301F-11D3-BF4B-00C04F79EFBC}") = "Zadanie Datetime", "Zadanie Datetime\Zadanie Datetime.csproj", "{48709737-22BB-42EF-9AFA-EE99262DADD3}"
EndProject
Project("{FAE04EC0-301F-11D3-BF4B-00C04F79EFBC}") = "Zadanie 2", "Zadanie 2\Zadanie 2.csproj", "{0E079258-0BA6-436B-B62C-0C23F8F08A5C}"
EndProject
Global
	GlobalSection(SolutionConfigurationPlatforms) = preSolution
		Debug|Any CPU = Debug|Any CPU
		Release|Any CPU = Release|Any CPU
	EndGlobalSection
	GlobalSection(ProjectConfigurationPlatforms) = postSolution
		{A232D960-3704-4821-8F41-21198F747DA7}.Debug|Any CPU.ActiveCfg = Debug|Any CPU
		{A232D960-3704-4821-8F41-21198F747DA7}.Debug|Any CPU.Build.0 = Debug|Any CPU
		{A232D960-3704-4821-8F41-21198F747DA7}.Release|Any CPU.ActiveCfg = Release|Any CPU
		{A232D960-3704-4821-8F41-21198F747DA7}.Release|Any CPU.Build.0 = Release|Any CPU
		{5AD24C9F-91E4-4D6D-ACF8-F602283DE1A7}.Debug|Any CPU.ActiveCfg = Debug|Any CPU
		{5AD24C9F-91E4-4D6D-ACF8-F602283DE1A7}.Debug|Any CPU.Build.0 = Debug|Any CPU
		{5AD24C9F-91E4-4D6D-ACF8-F602283DE1A7}.Release|Any CPU.ActiveCfg = Release|Any CPU
		{5AD24C9F-91E4-4D6D-ACF8-F602283DE1A7}.Release|Any CPU.Build.0 = Release|Any CPU
		{48709737-22BB-42EF-9AFA-EE99262DADD3}.Debug|Any CPU.ActiveCfg = Debug|Any CPU
		{48709737-22BB-42EF-9AFA-EE99262DADD3}.Debug|Any CPU.Build.0 = Debug|Any CPU
		{48709737-22BB-42EF-9AFA-EE99262DADD3}.Release|Any CPU.ActiveCfg = Release|Any CPU
		{48709737-22BB-42EF-9AFA-EE99262DADD3}.Release|Any CPU.Build.0 = Release|Any CPU
		{0E079258-0BA6-436B-B62C-0C23F8F08A5C}.Debug|Any CPU.ActiveCfg = Debug|Any CPU
		{0E079258-0BA6-436B-B62C-0C23F8F08A5C}.Debug|Any CPU.Build.0 = Debug|Any CPU
		{0E079258-0BA6-436B-B62C-0C23F8F08A5C}.Release|Any CPU.ActiveCfg = Release|Any CPU
		{0E079258-0BA6-436B-B62C-0C23F8F08A5C}.Release|Any CPU.Build.0 = Release|Any CPU
	EndGlobalSection
	GlobalSection(SolutionProperties) = preSolution
		HideSolutionNode = FALSE
	EndGlobalSection
	GlobalSection(ExtensibilityGlobals) = postSolution
		SolutionGuid = {2805317B-6837-4CA2-A3CD-98220388CAA2}
	EndGlobalSection
EndGlobal
